// !$*UTF8*$!
{
	archiveVersion = 1;
	classes = {
	};
	objectVersion = 50;
	objects = {

/* Begin PBXBuildFile section */
		7D1B9457239854880061A486 /* MeplesList.swift in Sources */ = {isa = PBXBuildFile; fileRef = 7D1B9456239854880061A486 /* MeplesList.swift */; };
		7D1B945B2399AD430061A486 /* MultiSelectRow.swift in Sources */ = {isa = PBXBuildFile; fileRef = 7D1B945A2399AD430061A486 /* MultiSelectRow.swift */; };
		7D1B945D2399B8460061A486 /* MepleRow.swift in Sources */ = {isa = PBXBuildFile; fileRef = 7D1B945C2399B8460061A486 /* MepleRow.swift */; };
		7D1B9466239C148D0061A486 /* Localizable.strings in Resources */ = {isa = PBXBuildFile; fileRef = 7D1B9468239C148D0061A486 /* Localizable.strings */; };
		7D6209EF2396F81600F589AA /* AppDelegate.swift in Sources */ = {isa = PBXBuildFile; fileRef = 7D6209EE2396F81600F589AA /* AppDelegate.swift */; };
		7D6209F12396F81600F589AA /* SceneDelegate.swift in Sources */ = {isa = PBXBuildFile; fileRef = 7D6209F02396F81600F589AA /* SceneDelegate.swift */; };
		7D6209F42396F81600F589AA /* MeplesShuffler.xcdatamodeld in Sources */ = {isa = PBXBuildFile; fileRef = 7D6209F22396F81600F589AA /* MeplesShuffler.xcdatamodeld */; };
		7D6209F62396F81600F589AA /* ContentView.swift in Sources */ = {isa = PBXBuildFile; fileRef = 7D6209F52396F81600F589AA /* ContentView.swift */; };
		7D6209F82396F81800F589AA /* Assets.xcassets in Resources */ = {isa = PBXBuildFile; fileRef = 7D6209F72396F81800F589AA /* Assets.xcassets */; };
		7D6209FB2396F81800F589AA /* Preview Assets.xcassets in Resources */ = {isa = PBXBuildFile; fileRef = 7D6209FA2396F81800F589AA /* Preview Assets.xcassets */; };
		7D6209FE2396F81800F589AA /* LaunchScreen.storyboard in Resources */ = {isa = PBXBuildFile; fileRef = 7D6209FC2396F81800F589AA /* LaunchScreen.storyboard */; };
		7D620A062396F89B00F589AA /* Meple.swift in Sources */ = {isa = PBXBuildFile; fileRef = 7D620A052396F89B00F589AA /* Meple.swift */; };
		7D620A0A239716A700F589AA /* NumberOfPlayersSelection.swift in Sources */ = {isa = PBXBuildFile; fileRef = 7D620A09239716A700F589AA /* NumberOfPlayersSelection.swift */; };
/* End PBXBuildFile section */

/* Begin PBXFileReference section */
		7D1B9456239854880061A486 /* MeplesList.swift */ = {isa = PBXFileReference; lastKnownFileType = sourcecode.swift; path = MeplesList.swift; sourceTree = "<group>"; };
		7D1B945A2399AD430061A486 /* MultiSelectRow.swift */ = {isa = PBXFileReference; lastKnownFileType = sourcecode.swift; path = MultiSelectRow.swift; sourceTree = "<group>"; };
		7D1B945C2399B8460061A486 /* MepleRow.swift */ = {isa = PBXFileReference; lastKnownFileType = sourcecode.swift; path = MepleRow.swift; sourceTree = "<group>"; };
		7D1B9467239C148D0061A486 /* en */ = {isa = PBXFileReference; lastKnownFileType = text.plist.strings; name = en; path = en.lproj/Localizable.strings; sourceTree = "<group>"; };
		7D1B9469239C14920061A486 /* es */ = {isa = PBXFileReference; lastKnownFileType = text.plist.strings; name = es; path = es.lproj/Localizable.strings; sourceTree = "<group>"; };
		7D6209EB2396F81600F589AA /* MeplesShuffler.app */ = {isa = PBXFileReference; explicitFileType = wrapper.application; includeInIndex = 0; path = MeplesShuffler.app; sourceTree = BUILT_PRODUCTS_DIR; };
		7D6209EE2396F81600F589AA /* AppDelegate.swift */ = {isa = PBXFileReference; lastKnownFileType = sourcecode.swift; path = AppDelegate.swift; sourceTree = "<group>"; };
		7D6209F02396F81600F589AA /* SceneDelegate.swift */ = {isa = PBXFileReference; lastKnownFileType = sourcecode.swift; path = SceneDelegate.swift; sourceTree = "<group>"; };
		7D6209F32396F81600F589AA /* MeplesShuffler.xcdatamodel */ = {isa = PBXFileReference; lastKnownFileType = wrapper.xcdatamodel; path = MeplesShuffler.xcdatamodel; sourceTree = "<group>"; };
		7D6209F52396F81600F589AA /* ContentView.swift */ = {isa = PBXFileReference; lastKnownFileType = sourcecode.swift; path = ContentView.swift; sourceTree = "<group>"; };
		7D6209F72396F81800F589AA /* Assets.xcassets */ = {isa = PBXFileReference; lastKnownFileType = folder.assetcatalog; path = Assets.xcassets; sourceTree = "<group>"; };
		7D6209FA2396F81800F589AA /* Preview Assets.xcassets */ = {isa = PBXFileReference; lastKnownFileType = folder.assetcatalog; path = "Preview Assets.xcassets"; sourceTree = "<group>"; };
		7D6209FD2396F81800F589AA /* Base */ = {isa = PBXFileReference; lastKnownFileType = file.storyboard; name = Base; path = Base.lproj/LaunchScreen.storyboard; sourceTree = "<group>"; };
		7D6209FF2396F81800F589AA /* Info.plist */ = {isa = PBXFileReference; lastKnownFileType = text.plist.xml; path = Info.plist; sourceTree = "<group>"; };
		7D620A052396F89B00F589AA /* Meple.swift */ = {isa = PBXFileReference; lastKnownFileType = sourcecode.swift; path = Meple.swift; sourceTree = "<group>"; };
		7D620A09239716A700F589AA /* NumberOfPlayersSelection.swift */ = {isa = PBXFileReference; lastKnownFileType = sourcecode.swift; path = NumberOfPlayersSelection.swift; sourceTree = "<group>"; };
/* End PBXFileReference section */

/* Begin PBXFrameworksBuildPhase section */
		7D6209E82396F81600F589AA /* Frameworks */ = {
			isa = PBXFrameworksBuildPhase;
			buildActionMask = 2147483647;
			files = (
			);
			runOnlyForDeploymentPostprocessing = 0;
		};
/* End PBXFrameworksBuildPhase section */

/* Begin PBXGroup section */
		7D6209E22396F81600F589AA = {
			isa = PBXGroup;
			children = (
				7D6209ED2396F81600F589AA /* MeplesShuffler */,
				7D6209EC2396F81600F589AA /* Products */,
			);
			sourceTree = "<group>";
		};
		7D6209EC2396F81600F589AA /* Products */ = {
			isa = PBXGroup;
			children = (
				7D6209EB2396F81600F589AA /* MeplesShuffler.app */,
			);
			name = Products;
			sourceTree = "<group>";
		};
		7D6209ED2396F81600F589AA /* MeplesShuffler */ = {
			isa = PBXGroup;
			children = (
				7D620A082397165300F589AA /* Screens */,
				7D620A072397163C00F589AA /* Models */,
				7D6209EE2396F81600F589AA /* AppDelegate.swift */,
				7D6209F02396F81600F589AA /* SceneDelegate.swift */,
				7D6209F52396F81600F589AA /* ContentView.swift */,
				7D6209F72396F81800F589AA /* Assets.xcassets */,
				7D6209FC2396F81800F589AA /* LaunchScreen.storyboard */,
				7D6209FF2396F81800F589AA /* Info.plist */,
				7D6209F22396F81600F589AA /* MeplesShuffler.xcdatamodeld */,
				7D6209F92396F81800F589AA /* Preview Content */,
				7D1B9468239C148D0061A486 /* Localizable.strings */,
			);
			path = MeplesShuffler;
			sourceTree = "<group>";
		};
		7D6209F92396F81800F589AA /* Preview Content */ = {
			isa = PBXGroup;
			children = (
				7D6209FA2396F81800F589AA /* Preview Assets.xcassets */,
			);
			path = "Preview Content";
			sourceTree = "<group>";
		};
		7D620A072397163C00F589AA /* Models */ = {
			isa = PBXGroup;
			children = (
				7D620A052396F89B00F589AA /* Meple.swift */,
				7D1B9456239854880061A486 /* MeplesList.swift */,
			);
			path = Models;
			sourceTree = "<group>";
		};
		7D620A082397165300F589AA /* Screens */ = {
			isa = PBXGroup;
			children = (
				7D620A09239716A700F589AA /* NumberOfPlayersSelection.swift */,
				7D1B945A2399AD430061A486 /* MultiSelectRow.swift */,
				7D1B945C2399B8460061A486 /* MepleRow.swift */,
			);
			path = Screens;
			sourceTree = "<group>";
		};
/* End PBXGroup section */

/* Begin PBXNativeTarget section */
		7D6209EA2396F81600F589AA /* MeplesShuffler */ = {
			isa = PBXNativeTarget;
			buildConfigurationList = 7D620A022396F81800F589AA /* Build configuration list for PBXNativeTarget "MeplesShuffler" */;
			buildPhases = (
				7D6209E72396F81600F589AA /* Sources */,
				7D6209E82396F81600F589AA /* Frameworks */,
				7D6209E92396F81600F589AA /* Resources */,
			);
			buildRules = (
			);
			dependencies = (
			);
			name = MeplesShuffler;
			productName = MeplesShuffler;
			productReference = 7D6209EB2396F81600F589AA /* MeplesShuffler.app */;
			productType = "com.apple.product-type.application";
		};
/* End PBXNativeTarget section */

/* Begin PBXProject section */
		7D6209E32396F81600F589AA /* Project object */ = {
			isa = PBXProject;
			attributes = {
				LastSwiftUpdateCheck = 1120;
				LastUpgradeCheck = 1120;
				ORGANIZATIONNAME = "Angel Gonzalez Fuentes";
				TargetAttributes = {
					7D6209EA2396F81600F589AA = {
						CreatedOnToolsVersion = 11.2.1;
					};
				};
			};
			buildConfigurationList = 7D6209E62396F81600F589AA /* Build configuration list for PBXProject "MeplesShuffler" */;
			compatibilityVersion = "Xcode 9.3";
			developmentRegion = en;
			hasScannedForEncodings = 0;
			knownRegions = (
				en,
				Base,
				es,
			);
			mainGroup = 7D6209E22396F81600F589AA;
			productRefGroup = 7D6209EC2396F81600F589AA /* Products */;
			projectDirPath = "";
			projectRoot = "";
			targets = (
				7D6209EA2396F81600F589AA /* MeplesShuffler */,
			);
		};
/* End PBXProject section */

/* Begin PBXResourcesBuildPhase section */
		7D6209E92396F81600F589AA /* Resources */ = {
			isa = PBXResourcesBuildPhase;
			buildActionMask = 2147483647;
			files = (
				7D6209FE2396F81800F589AA /* LaunchScreen.storyboard in Resources */,
				7D1B9466239C148D0061A486 /* Localizable.strings in Resources */,
				7D6209FB2396F81800F589AA /* Preview Assets.xcassets in Resources */,
				7D6209F82396F81800F589AA /* Assets.xcassets in Resources */,
			);
			runOnlyForDeploymentPostprocessing = 0;
		};
/* End PBXResourcesBuildPhase section */

/* Begin PBXSourcesBuildPhase section */
		7D6209E72396F81600F589AA /* Sources */ = {
			isa = PBXSourcesBuildPhase;
			buildActionMask = 2147483647;
			files = (
				7D620A062396F89B00F589AA /* Meple.swift in Sources */,
				7D6209F42396F81600F589AA /* MeplesShuffler.xcdatamodeld in Sources */,
				7D1B945B2399AD430061A486 /* MultiSelectRow.swift in Sources */,
				7D6209EF2396F81600F589AA /* AppDelegate.swift in Sources */,
				7D620A0A239716A700F589AA /* NumberOfPlayersSelection.swift in Sources */,
				7D1B9457239854880061A486 /* MeplesList.swift in Sources */,
				7D6209F62396F81600F589AA /* ContentView.swift in Sources */,
				7D6209F12396F81600F589AA /* SceneDelegate.swift in Sources */,
				7D1B945D2399B8460061A486 /* MepleRow.swift in Sources */,
			);
			runOnlyForDeploymentPostprocessing = 0;
		};
/* End PBXSourcesBuildPhase section */

/* Begin PBXVariantGroup section */
		7D1B9468239C148D0061A486 /* Localizable.strings */ = {
			isa = PBXVariantGroup;
			children = (
				7D1B9467239C148D0061A486 /* en */,
				7D1B9469239C14920061A486 /* es */,
			);
			name = Localizable.strings;
			sourceTree = "<group>";
		};
		7D6209FC2396F81800F589AA /* LaunchScreen.storyboard */ = {
			isa = PBXVariantGroup;
			children = (
				7D6209FD2396F81800F589AA /* Base */,
			);
			name = LaunchScreen.storyboard;
			sourceTree = "<group>";
		};
/* End PBXVariantGroup section */

/* Begin XCBuildConfiguration section */
		7D620A002396F81800F589AA /* Debug */ = {
			isa = XCBuildConfiguration;
			buildSettings = {
				ALWAYS_SEARCH_USER_PATHS = NO;
				CLANG_ANALYZER_LOCALIZABILITY_NONLOCALIZED = YES;
				CLANG_ANALYZER_NONNULL = YES;
				CLANG_ANALYZER_NUMBER_OBJECT_CONVERSION = YES_AGGRESSIVE;
				CLANG_CXX_LANGUAGE_STANDARD = "gnu++14";
				CLANG_CXX_LIBRARY = "libc++";
				CLANG_ENABLE_MODULES = YES;
				CLANG_ENABLE_OBJC_ARC = YES;
				CLANG_ENABLE_OBJC_WEAK = YES;
				CLANG_WARN_BLOCK_CAPTURE_AUTORELEASING = YES;
				CLANG_WARN_BOOL_CONVERSION = YES;
				CLANG_WARN_COMMA = YES;
				CLANG_WARN_CONSTANT_CONVERSION = YES;
				CLANG_WARN_DEPRECATED_OBJC_IMPLEMENTATIONS = YES;
				CLANG_WARN_DIRECT_OBJC_ISA_USAGE = YES_ERROR;
				CLANG_WARN_DOCUMENTATION_COMMENTS = YES;
				CLANG_WARN_EMPTY_BODY = YES;
				CLANG_WARN_ENUM_CONVERSION = YES;
				CLANG_WARN_INFINITE_RECURSION = YES;
				CLANG_WARN_INT_CONVERSION = YES;
				CLANG_WARN_NON_LITERAL_NULL_CONVERSION = YES;
				CLANG_WARN_OBJC_IMPLICIT_RETAIN_SELF = YES;
				CLANG_WARN_OBJC_LITERAL_CONVERSION = YES;
				CLANG_WARN_OBJC_ROOT_CLASS = YES_ERROR;
				CLANG_WARN_RANGE_LOOP_ANALYSIS = YES;
				CLANG_WARN_STRICT_PROTOTYPES = YES;
				CLANG_WARN_SUSPICIOUS_MOVE = YES;
				CLANG_WARN_UNGUARDED_AVAILABILITY = YES_AGGRESSIVE;
				CLANG_WARN_UNREACHABLE_CODE = YES;
				CLANG_WARN__DUPLICATE_METHOD_MATCH = YES;
				COPY_PHASE_STRIP = NO;
				DEBUG_INFORMATION_FORMAT = dwarf;
				ENABLE_STRICT_OBJC_MSGSEND = YES;
				ENABLE_TESTABILITY = YES;
				GCC_C_LANGUAGE_STANDARD = gnu11;
				GCC_DYNAMIC_NO_PIC = NO;
				GCC_NO_COMMON_BLOCKS = YES;
				GCC_OPTIMIZATION_LEVEL = 0;
				GCC_PREPROCESSOR_DEFINITIONS = (
					"DEBUG=1",
					"$(inherited)",
				);
				GCC_WARN_64_TO_32_BIT_CONVERSION = YES;
				GCC_WARN_ABOUT_RETURN_TYPE = YES_ERROR;
				GCC_WARN_UNDECLARED_SELECTOR = YES;
				GCC_WARN_UNINITIALIZED_AUTOS = YES_AGGRESSIVE;
				GCC_WARN_UNUSED_FUNCTION = YES;
				GCC_WARN_UNUSED_VARIABLE = YES;
				IPHONEOS_DEPLOYMENT_TARGET = 13.2;
				MTL_ENABLE_DEBUG_INFO = INCLUDE_SOURCE;
				MTL_FAST_MATH = YES;
				ONLY_ACTIVE_ARCH = YES;
				SDKROOT = iphoneos;
				SWIFT_ACTIVE_COMPILATION_CONDITIONS = DEBUG;
				SWIFT_OPTIMIZATION_LEVEL = "-Onone";
			};
			name = Debug;
		};
		7D620A012396F81800F589AA /* Release */ = {
			isa = XCBuildConfiguration;
			buildSettings = {
				ALWAYS_SEARCH_USER_PATHS = NO;
				CLANG_ANALYZER_LOCALIZABILITY_NONLOCALIZED = YES;
				CLANG_ANALYZER_NONNULL = YES;
				CLANG_ANALYZER_NUMBER_OBJECT_CONVERSION = YES_AGGRESSIVE;
				CLANG_CXX_LANGUAGE_STANDARD = "gnu++14";
				CLANG_CXX_LIBRARY = "libc++";
				CLANG_ENABLE_MODULES = YES;
				CLANG_ENABLE_OBJC_ARC = YES;
				CLANG_ENABLE_OBJC_WEAK = YES;
				CLANG_WARN_BLOCK_CAPTURE_AUTORELEASING = YES;
				CLANG_WARN_BOOL_CONVERSION = YES;
				CLANG_WARN_COMMA = YES;
				CLANG_WARN_CONSTANT_CONVERSION = YES;
				CLANG_WARN_DEPRECATED_OBJC_IMPLEMENTATIONS = YES;
				CLANG_WARN_DIRECT_OBJC_ISA_USAGE = YES_ERROR;
				CLANG_WARN_DOCUMENTATION_COMMENTS = YES;
				CLANG_WARN_EMPTY_BODY = YES;
				CLANG_WARN_ENUM_CONVERSION = YES;
				CLANG_WARN_INFINITE_RECURSION = YES;
				CLANG_WARN_INT_CONVERSION = YES;
				CLANG_WARN_NON_LITERAL_NULL_CONVERSION = YES;
				CLANG_WARN_OBJC_IMPLICIT_RETAIN_SELF = YES;
				CLANG_WARN_OBJC_LITERAL_CONVERSION = YES;
				CLANG_WARN_OBJC_ROOT_CLASS = YES_ERROR;
				CLANG_WARN_RANGE_LOOP_ANALYSIS = YES;
				CLANG_WARN_STRICT_PROTOTYPES = YES;
				CLANG_WARN_SUSPICIOUS_MOVE = YES;
				CLANG_WARN_UNGUARDED_AVAILABILITY = YES_AGGRESSIVE;
				CLANG_WARN_UNREACHABLE_CODE = YES;
				CLANG_WARN__DUPLICATE_METHOD_MATCH = YES;
				COPY_PHASE_STRIP = NO;
				DEBUG_INFORMATION_FORMAT = "dwarf-with-dsym";
				ENABLE_NS_ASSERTIONS = NO;
				ENABLE_STRICT_OBJC_MSGSEND = YES;
				GCC_C_LANGUAGE_STANDARD = gnu11;
				GCC_NO_COMMON_BLOCKS = YES;
				GCC_WARN_64_TO_32_BIT_CONVERSION = YES;
				GCC_WARN_ABOUT_RETURN_TYPE = YES_ERROR;
				GCC_WARN_UNDECLARED_SELECTOR = YES;
				GCC_WARN_UNINITIALIZED_AUTOS = YES_AGGRESSIVE;
				GCC_WARN_UNUSED_FUNCTION = YES;
				GCC_WARN_UNUSED_VARIABLE = YES;
				IPHONEOS_DEPLOYMENT_TARGET = 13.2;
				MTL_ENABLE_DEBUG_INFO = NO;
				MTL_FAST_MATH = YES;
				SDKROOT = iphoneos;
				SWIFT_COMPILATION_MODE = wholemodule;
				SWIFT_OPTIMIZATION_LEVEL = "-O";
				VALIDATE_PRODUCT = YES;
			};
			name = Release;
		};
		7D620A032396F81800F589AA /* Debug */ = {
			isa = XCBuildConfiguration;
			buildSettings = {
				ASSETCATALOG_COMPILER_APPICON_NAME = AppIcon;
				CODE_SIGN_STYLE = Automatic;
				DEVELOPMENT_ASSET_PATHS = "\"MeplesShuffler/Preview Content\"";
				DEVELOPMENT_TEAM = TB8QYC6KNQ;
				ENABLE_PREVIEWS = YES;
				INFOPLIST_FILE = MeplesShuffler/Info.plist;
				LD_RUNPATH_SEARCH_PATHS = (
					"$(inherited)",
					"@executable_path/Frameworks",
				);
				PRODUCT_BUNDLE_IDENTIFIER = com.angelgonzalezfuentes.MeplesShuffler;
				PRODUCT_NAME = "$(TARGET_NAME)";
				SWIFT_VERSION = 5.0;
				TARGETED_DEVICE_FAMILY = "1,2";
			};
			name = Debug;
		};
		7D620A042396F81800F589AA /* Release */ = {
			isa = XCBuildConfiguration;
			buildSettings = {
				ASSETCATALOG_COMPILER_APPICON_NAME = AppIcon;
				CODE_SIGN_STYLE = Automatic;
				DEVELOPMENT_ASSET_PATHS = "\"MeplesShuffler/Preview Content\"";
				DEVELOPMENT_TEAM = TB8QYC6KNQ;
				ENABLE_PREVIEWS = YES;
				INFOPLIST_FILE = MeplesShuffler/Info.plist;
				LD_RUNPATH_SEARCH_PATHS = (
					"$(inherited)",
					"@executable_path/Frameworks",
				);
				PRODUCT_BUNDLE_IDENTIFIER = com.angelgonzalezfuentes.MeplesShuffler;
				PRODUCT_NAME = "$(TARGET_NAME)";
				SWIFT_VERSION = 5.0;
				TARGETED_DEVICE_FAMILY = "1,2";
			};
			name = Release;
		};
/* End XCBuildConfiguration section */

/* Begin XCConfigurationList section */
		7D6209E62396F81600F589AA /* Build configuration list for PBXProject "MeplesShuffler" */ = {
			isa = XCConfigurationList;
			buildConfigurations = (
				7D620A002396F81800F589AA /* Debug */,
				7D620A012396F81800F589AA /* Release */,
			);
			defaultConfigurationIsVisible = 0;
			defaultConfigurationName = Release;
		};
		7D620A022396F81800F589AA /* Build configuration list for PBXNativeTarget "MeplesShuffler" */ = {
			isa = XCConfigurationList;
			buildConfigurations = (
				7D620A032396F81800F589AA /* Debug */,
				7D620A042396F81800F589AA /* Release */,
			);
			defaultConfigurationIsVisible = 0;
			defaultConfigurationName = Release;
		};
/* End XCConfigurationList section */

/* Begin XCVersionGroup section */
		7D6209F22396F81600F589AA /* MeplesShuffler.xcdatamodeld */ = {
			isa = XCVersionGroup;
			children = (
				7D6209F32396F81600F589AA /* MeplesShuffler.xcdatamodel */,
			);
			currentVersion = 7D6209F32396F81600F589AA /* MeplesShuffler.xcdatamodel */;
			path = MeplesShuffler.xcdatamodeld;
			sourceTree = "<group>";
			versionGroupType = wrapper.xcdatamodel;
		};
/* End XCVersionGroup section */
	};
	rootObject = 7D6209E32396F81600F589AA /* Project object */;
}
